{
  "name": "mesh-integration-tests",
  "version": "0.1.0",
  "lockfileVersion": 3,
  "requires": true,
  "packages": {
    "": {
      "name": "mesh-integration-tests",
      "version": "0.1.0",
      "dependencies": {
        "ai-matey-middleware-andbox": "^0.1.1",
        "andbox": "^0.1.1",
        "browsermesh-netway": "^0.1.1",
        "browsermesh-pod": "^0.2.0",
        "browsermesh-primitives": "^0.1.1",
        "wsh-upon-star": "^0.1.1"
      },
      "engines": {
        "node": ">=24.0.0"
      }
    },
    "node_modules/ai-matey-middleware-andbox": {
      "version": "0.1.1",
      "resolved": "https://registry.npmjs.org/ai-matey-middleware-andbox/-/ai-matey-middleware-andbox-0.1.1.tgz",
      "integrity": "sha512-5T0rLzbJjUTJgG0FSFSqDP9nw+4/qFca1+oWkheavMVnUC1VjVHknatEe9woXYPZAB/uOGdCBtKiSSdqUek7Kg==",
      "license": "MIT",
      "engines": {
        "node": ">=24.0.0"
      },
      "peerDependencies": {
        "andbox": ">=0.1.1"
      }
    },
    "node_modules/andbox": {
      "version": "0.1.1",
      "resolved": "https://registry.npmjs.org/andbox/-/andbox-0.1.1.tgz",
      "integrity": "sha512-4i2c2XdxOIgG0gfePt85IOuL/CzIrt4u2Q6amFGvsnM6xtz4lQI/7JVVPFj4iQ4DOSMTD9TC0lS7T8CjsCMMEQ==",
      "license": "MIT",
      "engines": {
        "node": ">=24.0.0"
      }
    },
    "node_modules/browsermesh-netway": {
      "version": "0.1.1",
      "resolved": "https://registry.npmjs.org/browsermesh-netway/-/browsermesh-netway-0.1.1.tgz",
      "integrity": "sha512-hGmfCojSV/FIwSA3tLyeja5HRVgHMhdFz4EwQqB5vHabQqDlxTp8iuVSJS9eLzQ4nptJ+vaGyQeEd4OKTzjacg==",
      "license": "MIT",
      "engines": {
        "node": ">=24.0.0"
      }
    },
    "node_modules/browsermesh-pod": {
      "version": "0.2.0",
      "resolved": "https://registry.npmjs.org/browsermesh-pod/-/browsermesh-pod-0.2.0.tgz",
      "integrity": "sha512-YUD90VrRPDv1+J6XNpYDNtDAy7/7D3o4p82me8r7oag8MHAoMfolzXeog4W59WS2kQncfUP8BXX9OaNPuS1lQg==",
      "license": "MIT",
      "engines": {
        "node": ">=24.0.0"
      },
      "peerDependencies": {
        "browsermesh-primitives": ">=0.1.1"
      }
    },
    "node_modules/browsermesh-primitives": {
      "version": "0.1.1",
      "resolved": "https://registry.npmjs.org/browsermesh-primitives/-/browsermesh-primitives-0.1.1.tgz",
      "integrity": "sha512-a/iyDfPSu0MrTr5XVnL2xbC5ej9bsPNrgYRKpbH4+R4NzqfztOol4VaIeGtl7DNP90ilsLK6hO8dkNsJzHSKXQ==",
      "license": "MIT",
      "engines": {
        "node": ">=24.0.0"
      }
    },
    "node_modules/wsh-upon-star": {
      "version": "0.1.1",
      "resolved": "https://registry.npmjs.org/wsh-upon-star/-/wsh-upon-star-0.1.1.tgz",
      "integrity": "sha512-CfYGM3rl13iwffmzkZVkhGps9B/Sy+bW1BY3OLqmBK5ufXnmoOIELcNLJH1YsBcig8YEjm33Xwg3e7biR1Opvg==",
      "license": "MIT",
      "engines": {
        "node": ">=24.0.0"
      }
    }
  }
}
