{
  "name": "mesh-integration-tests",
  "version": "0.1.0",
  "lockfileVersion": 3,
  "requires": true,
  "packages": {
    "": {
      "name": "mesh-integration-tests",
      "version": "0.1.0",
      "dependencies": {
        "ai-matey-middleware-andbox": "file:../ai-matey-middleware-andbox",
        "andbox": "file:../andbox",
        "browsermesh-netway": "file:../browsermesh-netway",
        "browsermesh-pod": "file:../browsermesh-pod",
        "browsermesh-primitives": "file:../browsermesh-primitives",
        "wsh-upon-star": "file:../wsh-upon-star"
      }
    },
    "../ai-matey-middleware-andbox": {
      "version": "0.1.0",
      "license": "MIT",
      "peerDependencies": {
        "andbox": ">=0.1.0"
      }
    },
    "../andbox": {
      "version": "0.1.0",
      "license": "MIT"
    },
    "../browsermesh-netway": {
      "version": "0.1.0",
      "license": "MIT"
    },
    "../browsermesh-pod": {
      "version": "0.1.0",
      "license": "MIT",
      "peerDependencies": {
        "browsermesh-primitives": ">=0.1.0"
      }
    },
    "../browsermesh-primitives": {
      "version": "0.1.0",
      "license": "MIT"
    },
    "../wsh-upon-star": {
      "version": "0.1.0",
      "license": "MIT",
      "engines": {
        "node": ">=20.0.0"
      }
    },
    "node_modules/ai-matey-middleware-andbox": {
      "resolved": "../ai-matey-middleware-andbox",
      "link": true
    },
    "node_modules/andbox": {
      "resolved": "../andbox",
      "link": true
    },
    "node_modules/browsermesh-netway": {
      "resolved": "../browsermesh-netway",
      "link": true
    },
    "node_modules/browsermesh-pod": {
      "resolved": "../browsermesh-pod",
      "link": true
    },
    "node_modules/browsermesh-primitives": {
      "resolved": "../browsermesh-primitives",
      "link": true
    },
    "node_modules/wsh-upon-star": {
      "resolved": "../wsh-upon-star",
      "link": true
    }
  }
}
