{
  "name": "mesh-integration-tests",
  "version": "0.1.0",
  "lockfileVersion": 3,
  "requires": true,
  "packages": {
    "": {
      "name": "mesh-integration-tests",
      "version": "0.1.0",
      "dependencies": {
        "@johnhenry/aimatey-middleware-andbox": "^0.0.0",
        "@johnhenry/wsh": "^0.14.0",
        "andbox": "^0.1.1",
        "browsermesh-netway": "^0.1.1",
        "browsermesh-pod": "^0.2.0",
        "browsermesh-primitives": "^0.1.1"
      },
      "engines": {
        "node": ">=24.0.0"
      }
    },
    "node_modules/@johnhenry/aimatey-middleware-andbox": {
      "version": "0.0.0",
      "resolved": "https://registry.npmjs.org/@johnhenry/aimatey-middleware-andbox/-/aimatey-middleware-andbox-0.0.0.tgz",
      "integrity": "sha512-r9QZR6QZfZj6BptqY/AcDAGuudH1ngGpIj1vcU46j28jHjRALpPkEBeg/9o1ojot7hgRZvIALdWgN1kZGCJmQg==",
      "license": "MIT",
      "engines": {
        "node": ">=24.0.0"
      },
      "peerDependencies": {
        "andbox": ">=0.1.1"
      }
    },
    "node_modules/@johnhenry/wsh": {
      "version": "0.14.0",
      "resolved": "https://registry.npmjs.org/@johnhenry/wsh/-/wsh-0.14.0.tgz",
      "integrity": "sha512-JX7QGgChQh7eAZsIdoO9BB4b6BsGKqIekwGgnRS5ATLOFSFaR4e1MLgzMOjlSEHJRxKygbRJrw9dawT+LNtY1w==",
      "license": "MIT",
      "engines": {
        "node": ">=24.0.0"
      },
      "optionalDependencies": {
        "@noble/post-quantum": "^0.7.0"
      }
    },
    "node_modules/@noble/ciphers": {
      "version": "2.4.0",
      "resolved": "https://registry.npmjs.org/@noble/ciphers/-/ciphers-2.4.0.tgz",
      "integrity": "sha512-AnjFn0Jv92laAkvMrghlFZq4qQCIN/4DxFV/eooqtC2YTjB7kBeLMS2T9KJX4Dn+ZVXLOwK0lSgqDtx9gvxtiw==",
      "license": "MIT",
      "optional": true,
      "engines": {
        "node": ">= 20.19.0"
      },
      "funding": {
        "url": "https://paulmillr.com/funding/"
      }
    },
    "node_modules/@noble/curves": {
      "version": "2.4.0",
      "resolved": "https://registry.npmjs.org/@noble/curves/-/curves-2.4.0.tgz",
      "integrity": "sha512-P4/62zrgfH33CneE3Dn4WhJVA22YUU0eR51wKIan4NVRvwsA0YnPTwWGpNbpuacSujmSFLvyzpyuR30+fbq2Ew==",
      "license": "MIT",
      "optional": true,
      "dependencies": {
        "@noble/hashes": "2.4.0"
      },
      "engines": {
        "node": ">= 20.19.0"
      },
      "funding": {
        "url": "https://paulmillr.com/funding/"
      }
    },
    "node_modules/@noble/hashes": {
      "version": "2.4.0",
      "resolved": "https://registry.npmjs.org/@noble/hashes/-/hashes-2.4.0.tgz",
      "integrity": "sha512-X5XaVWZIBCT7HHZGm5I7ZQXDwLG+bGXuSrMQAW+7Zvl87h1kmc1ZB1VSRJcpUfoUrGQp4Fkoxm5kZ+Ms+aW+eA==",
      "license": "MIT",
      "optional": true,
      "engines": {
        "node": ">= 20.19.0"
      },
      "funding": {
        "url": "https://paulmillr.com/funding/"
      }
    },
    "node_modules/@noble/post-quantum": {
      "version": "0.7.1",
      "resolved": "https://registry.npmjs.org/@noble/post-quantum/-/post-quantum-0.7.1.tgz",
      "integrity": "sha512-+P9981IiAnVh+rmcubozzVwrEy3XsN/tMhTnvsjV9VDaYpOnNCqWqKo2FLWxbu92YHfjGIlE5XnW175UK+ln+Q==",
      "license": "MIT",
      "optional": true,
      "dependencies": {
        "@noble/ciphers": "2.4.0",
        "@noble/curves": "2.4.0",
        "@noble/hashes": "2.4.0"
      },
      "engines": {
        "node": ">= 20.19.0"
      },
      "funding": {
        "url": "https://paulmillr.com/funding/"
      }
    },
    "node_modules/andbox": {
      "version": "0.1.1",
      "resolved": "https://registry.npmjs.org/andbox/-/andbox-0.1.1.tgz",
      "integrity": "sha512-4i2c2XdxOIgG0gfePt85IOuL/CzIrt4u2Q6amFGvsnM6xtz4lQI/7JVVPFj4iQ4DOSMTD9TC0lS7T8CjsCMMEQ==",
      "license": "MIT",
      "engines": {
        "node": ">=24.0.0"
      }
    },
    "node_modules/browsermesh-netway": {
      "version": "0.1.1",
      "resolved": "https://registry.npmjs.org/browsermesh-netway/-/browsermesh-netway-0.1.1.tgz",
      "integrity": "sha512-hGmfCojSV/FIwSA3tLyeja5HRVgHMhdFz4EwQqB5vHabQqDlxTp8iuVSJS9eLzQ4nptJ+vaGyQeEd4OKTzjacg==",
      "license": "MIT",
      "engines": {
        "node": ">=24.0.0"
      }
    },
    "node_modules/browsermesh-pod": {
      "version": "0.2.0",
      "resolved": "https://registry.npmjs.org/browsermesh-pod/-/browsermesh-pod-0.2.0.tgz",
      "integrity": "sha512-YUD90VrRPDv1+J6XNpYDNtDAy7/7D3o4p82me8r7oag8MHAoMfolzXeog4W59WS2kQncfUP8BXX9OaNPuS1lQg==",
      "license": "MIT",
      "engines": {
        "node": ">=24.0.0"
      },
      "peerDependencies": {
        "browsermesh-primitives": ">=0.1.1"
      }
    },
    "node_modules/browsermesh-primitives": {
      "version": "0.1.1",
      "resolved": "https://registry.npmjs.org/browsermesh-primitives/-/browsermesh-primitives-0.1.1.tgz",
      "integrity": "sha512-a/iyDfPSu0MrTr5XVnL2xbC5ej9bsPNrgYRKpbH4+R4NzqfztOol4VaIeGtl7DNP90ilsLK6hO8dkNsJzHSKXQ==",
      "license": "MIT",
      "engines": {
        "node": ">=24.0.0"
      }
    }
  }
}
